{
  "name": "gelatos",
  "version": "1.0.0",
  "lockfileVersion": 2,
  "requires": true,
  "packages": {
    "": {
      "name": "gelatos",
      "version": "1.0.0",
      "license": "ISC",
      "dependencies": {
        "golden-layout": "^1.5.9",
        "local-echo": "github:gelatolabs/local-echo",
        "xterm": "^4.18.0",
        "xterm-addon-fit": "^0.5.0"
      }
    },
    "node_modules/golden-layout": {
      "version": "1.5.9",
      "resolved": "https://registry.npmjs.org/golden-layout/-/golden-layout-1.5.9.tgz",
      "integrity": "sha1-o5vB9qZ+b4hreXwBbdkk6UJrp38=",
      "dependencies": {
        "jquery": "*"
      }
    },
    "node_modules/jquery": {
      "version": "3.6.0",
      "resolved": "https://registry.npmjs.org/jquery/-/jquery-3.6.0.tgz",
      "integrity": "sha512-JVzAR/AjBvVt2BmYhxRCSYysDsPcssdmTFnzyLEts9qNwmjmu4JTAMYubEfwVOSwpQ1I1sKKFcxhZCI2buerfw=="
    },
    "node_modules/local-echo": {
      "version": "0.2.0",
      "resolved": "git+ssh://git@github.com/gelatolabs/local-echo.git#d5ef9d7efab626bd9ee485f478b85b282b2b1fba",
      "license": "Apache-2.0",
      "dependencies": {
        "shell-quote": "^1.6.1"
      }
    },
    "node_modules/shell-quote": {
      "version": "1.7.3",
      "resolved": "https://registry.npmjs.org/shell-quote/-/shell-quote-1.7.3.tgz",
      "integrity": "sha512-Vpfqwm4EnqGdlsBFNmHhxhElJYrdfcxPThu+ryKS5J8L/fhAwLazFZtq+S+TWZ9ANj2piSQLGj6NQg+lKPmxrw=="
    },
    "node_modules/xterm": {
      "version": "4.18.0",
      "resolved": "https://registry.npmjs.org/xterm/-/xterm-4.18.0.tgz",
      "integrity": "sha512-JQoc1S0dti6SQfI0bK1AZvGnAxH4MVw45ZPFSO6FHTInAiau3Ix77fSxNx3mX4eh9OL4AYa8+4C8f5UvnSfppQ=="
    },
    "node_modules/xterm-addon-fit": {
      "version": "0.5.0",
      "resolved": "https://registry.npmjs.org/xterm-addon-fit/-/xterm-addon-fit-0.5.0.tgz",
      "integrity": "sha512-DsS9fqhXHacEmsPxBJZvfj2la30Iz9xk+UKjhQgnYNkrUIN5CYLbw7WEfz117c7+S86S/tpHPfvNxJsF5/G8wQ==",
      "peerDependencies": {
        "xterm": "^4.0.0"
      }
    }
  },
  "dependencies": {
    "golden-layout": {
      "version": "1.5.9",
      "resolved": "https://registry.npmjs.org/golden-layout/-/golden-layout-1.5.9.tgz",
      "integrity": "sha1-o5vB9qZ+b4hreXwBbdkk6UJrp38=",
      "requires": {
        "jquery": "*"
      }
    },
    "jquery": {
      "version": "3.6.0",
      "resolved": "https://registry.npmjs.org/jquery/-/jquery-3.6.0.tgz",
      "integrity": "sha512-JVzAR/AjBvVt2BmYhxRCSYysDsPcssdmTFnzyLEts9qNwmjmu4JTAMYubEfwVOSwpQ1I1sKKFcxhZCI2buerfw=="
    },
    "local-echo": {
      "version": "git+ssh://git@github.com/gelatolabs/local-echo.git#d5ef9d7efab626bd9ee485f478b85b282b2b1fba",
      "from": "local-echo@github:gelatolabs/local-echo",
      "requires": {
        "shell-quote": "^1.6.1"
      }
    },
    "shell-quote": {
      "version": "1.7.3",
      "resolved": "https://registry.npmjs.org/shell-quote/-/shell-quote-1.7.3.tgz",
      "integrity": "sha512-Vpfqwm4EnqGdlsBFNmHhxhElJYrdfcxPThu+ryKS5J8L/fhAwLazFZtq+S+TWZ9ANj2piSQLGj6NQg+lKPmxrw=="
    },
    "xterm": {
      "version": "4.18.0",
      "resolved": "https://registry.npmjs.org/xterm/-/xterm-4.18.0.tgz",
      "integrity": "sha512-JQoc1S0dti6SQfI0bK1AZvGnAxH4MVw45ZPFSO6FHTInAiau3Ix77fSxNx3mX4eh9OL4AYa8+4C8f5UvnSfppQ=="
    },
    "xterm-addon-fit": {
      "version": "0.5.0",
      "resolved": "https://registry.npmjs.org/xterm-addon-fit/-/xterm-addon-fit-0.5.0.tgz",
      "integrity": "sha512-DsS9fqhXHacEmsPxBJZvfj2la30Iz9xk+UKjhQgnYNkrUIN5CYLbw7WEfz117c7+S86S/tpHPfvNxJsF5/G8wQ==",
      "requires": {}
    }
  }
}
